
Microsoft Visual Studio Solution File, Format Version 12.00
# Visual Studio Version 16
VisualStudioVersion = 16.0.31729.503
MinimumVisualStudioVersion = 10.0.40219.1
Project("{FAE04EC0-301F-11D3-BF4B-00C04F79EFBC}") = "StudentRestAPI", "StudentRestAPI\StudentRestAPI.csproj", "{ECDD5253-DD62-4759-B654-A1F4AACCD108}"
EndProject
Global
	GlobalSection(SolutionConfigurationPlatforms) = preSolution
		Debug|Any CPU = Debug|Any CPU
		Release|Any CPU = Release|Any CPU
	EndGlobalSection
	GlobalSection(ProjectConfigurationPlatforms) = postSolution
		{ECDD5253-DD62-4759-B654-A1F4AACCD108}.Debug|Any CPU.ActiveCfg = Debug|Any CPU
		{ECDD5253-DD62-4759-B654-A1F4AACCD108}.Debug|Any CPU.Build.0 = Debug|Any CPU
		{ECDD5253-DD62-4759-B654-A1F4AACCD108}.Release|Any CPU.ActiveCfg = Release|Any CPU
		{ECDD5253-DD62-4759-B654-A1F4AACCD108}.Release|Any CPU.Build.0 = Release|Any CPU
	EndGlobalSection
	GlobalSection(SolutionProperties) = preSolution
		HideSolutionNode = FALSE
	EndGlobalSection
	GlobalSection(ExtensibilityGlobals) = postSolution
		SolutionGuid = {056B0A9F-AD65-4858-902D-891DFFD00140}
	EndGlobalSection
EndGlobal
